// !$*UTF8*$!
{
	archiveVersion = 1;
	classes = {
	};
	objectVersion = 52;
	objects = {

/* Begin PBXBuildFile section */
		516DCA4B246D1DD200751FBE /* AppDelegate.swift in Sources */ = {isa = PBXBuildFile; fileRef = 516DCA4A246D1DD200751FBE /* AppDelegate.swift */; };
		516DCA4D246D1DD200751FBE /* SceneDelegate.swift in Sources */ = {isa = PBXBuildFile; fileRef = 516DCA4C246D1DD200751FBE /* SceneDelegate.swift */; };
		516DCA4F246D1DD200751FBE /* ContentView.swift in Sources */ = {isa = PBXBuildFile; fileRef = 516DCA4E246D1DD200751FBE /* ContentView.swift */; };
		516DCA51246D1DD500751FBE /* Assets.xcassets in Resources */ = {isa = PBXBuildFile; fileRef = 516DCA50246D1DD500751FBE /* Assets.xcassets */; };
		516DCA54246D1DD500751FBE /* Preview Assets.xcassets in Resources */ = {isa = PBXBuildFile; fileRef = 516DCA53246D1DD500751FBE /* Preview Assets.xcassets */; };
		516DCA57246D1DD500751FBE /* LaunchScreen.storyboard in Resources */ = {isa = PBXBuildFile; fileRef = 516DCA55246D1DD500751FBE /* LaunchScreen.storyboard */; };
		517A041C247F63C000CDC3D1 /* SpotifyRequest.swift in Sources */ = {isa = PBXBuildFile; fileRef = 517A041B247F63C000CDC3D1 /* SpotifyRequest.swift */; };
		519C0F7D247D065400ED14CE /* SpotifyManager.swift in Sources */ = {isa = PBXBuildFile; fileRef = 519C0F77247D065400ED14CE /* SpotifyManager.swift */; };
		519C0F7E247D065400ED14CE /* SpotifyHelper.swift in Sources */ = {isa = PBXBuildFile; fileRef = 519C0F78247D065400ED14CE /* SpotifyHelper.swift */; };
		519C0F80247D065400ED14CE /* SpotifyApi.swift in Sources */ = {isa = PBXBuildFile; fileRef = 519C0F7A247D065400ED14CE /* SpotifyApi.swift */; };
		519C0F81247D065400ED14CE /* SpotifyModel.swift in Sources */ = {isa = PBXBuildFile; fileRef = 519C0F7B247D065400ED14CE /* SpotifyModel.swift */; };
		5B7854572482250E0010E696 /* SpotifyAlbumsApi.swift in Sources */ = {isa = PBXBuildFile; fileRef = 5B7854562482250E0010E696 /* SpotifyAlbumsApi.swift */; };
		5B785459248225180010E696 /* SpotifyArtistsApi.swift in Sources */ = {isa = PBXBuildFile; fileRef = 5B785458248225180010E696 /* SpotifyArtistsApi.swift */; };
		5B78545B248225210010E696 /* SpotifyBrowseApi.swift in Sources */ = {isa = PBXBuildFile; fileRef = 5B78545A248225210010E696 /* SpotifyBrowseApi.swift */; };
		5B78545D2482252A0010E696 /* SpotifyEpisodesApi.swift in Sources */ = {isa = PBXBuildFile; fileRef = 5B78545C2482252A0010E696 /* SpotifyEpisodesApi.swift */; };
		5B78545F248225330010E696 /* SpotifyFollowApi.swift in Sources */ = {isa = PBXBuildFile; fileRef = 5B78545E248225330010E696 /* SpotifyFollowApi.swift */; };
		5B785461248225400010E696 /* SpotifyLibraryApi.swift in Sources */ = {isa = PBXBuildFile; fileRef = 5B785460248225400010E696 /* SpotifyLibraryApi.swift */; };
		5B785463248225500010E696 /* SpotifyPersonaliztionApi.swift in Sources */ = {isa = PBXBuildFile; fileRef = 5B785462248225500010E696 /* SpotifyPersonaliztionApi.swift */; };
		5B785465248225570010E696 /* SpotifyPlayerApi.swift in Sources */ = {isa = PBXBuildFile; fileRef = 5B785464248225570010E696 /* SpotifyPlayerApi.swift */; };
		5B785467248225600010E696 /* SpotifyPlaylistsApi.swift in Sources */ = {isa = PBXBuildFile; fileRef = 5B785466248225600010E696 /* SpotifyPlaylistsApi.swift */; };
		5B7854692482256C0010E696 /* SpotifySearchApi.swift in Sources */ = {isa = PBXBuildFile; fileRef = 5B7854682482256C0010E696 /* SpotifySearchApi.swift */; };
		5B78546B248225750010E696 /* SpotifyShowsApi.swift in Sources */ = {isa = PBXBuildFile; fileRef = 5B78546A248225750010E696 /* SpotifyShowsApi.swift */; };
		5B78546D2482257F0010E696 /* SpotifyTracksApi.swift in Sources */ = {isa = PBXBuildFile; fileRef = 5B78546C2482257F0010E696 /* SpotifyTracksApi.swift */; };
		5B78546F2482258B0010E696 /* SpotifyUsersProfileApi.swift in Sources */ = {isa = PBXBuildFile; fileRef = 5B78546E2482258B0010E696 /* SpotifyUsersProfileApi.swift */; };
		5BC07BA124800BD200B3AFDA /* SpotifyiOS.framework in Frameworks */ = {isa = PBXBuildFile; fileRef = 5BC07BA024800BD200B3AFDA /* SpotifyiOS.framework */; };
		5BC07BAF24800D8500B3AFDA /* Logging in Frameworks */ = {isa = PBXBuildFile; productRef = 5BC07BAE24800D8500B3AFDA /* Logging */; };
		5BC07BB2248018DC00B3AFDA /* RxSwift in Frameworks */ = {isa = PBXBuildFile; productRef = 5BC07BB1248018DC00B3AFDA /* RxSwift */; };
		5BC07BB4248018DC00B3AFDA /* RxRelay in Frameworks */ = {isa = PBXBuildFile; productRef = 5BC07BB3248018DC00B3AFDA /* RxRelay */; };
		5BC07BB6248018DC00B3AFDA /* RxCocoa in Frameworks */ = {isa = PBXBuildFile; productRef = 5BC07BB5248018DC00B3AFDA /* RxCocoa */; };
		5BC07BB8248018DC00B3AFDA /* RxBlocking in Frameworks */ = {isa = PBXBuildFile; productRef = 5BC07BB7248018DC00B3AFDA /* RxBlocking */; };
/* End PBXBuildFile section */

/* Begin PBXFileReference section */
		516DCA47246D1DD200751FBE /* SpotifyAuthDemo.app */ = {isa = PBXFileReference; explicitFileType = wrapper.application; includeInIndex = 0; path = SpotifyAuthDemo.app; sourceTree = BUILT_PRODUCTS_DIR; };
		516DCA4A246D1DD200751FBE /* AppDelegate.swift */ = {isa = PBXFileReference; lastKnownFileType = sourcecode.swift; path = AppDelegate.swift; sourceTree = "<group>"; };
		516DCA4C246D1DD200751FBE /* SceneDelegate.swift */ = {isa = PBXFileReference; lastKnownFileType = sourcecode.swift; path = SceneDelegate.swift; sourceTree = "<group>"; };
		516DCA4E246D1DD200751FBE /* ContentView.swift */ = {isa = PBXFileReference; lastKnownFileType = sourcecode.swift; path = ContentView.swift; sourceTree = "<group>"; };
		516DCA50246D1DD500751FBE /* Assets.xcassets */ = {isa = PBXFileReference; lastKnownFileType = folder.assetcatalog; path = Assets.xcassets; sourceTree = "<group>"; };
		516DCA53246D1DD500751FBE /* Preview Assets.xcassets */ = {isa = PBXFileReference; lastKnownFileType = folder.assetcatalog; path = "Preview Assets.xcassets"; sourceTree = "<group>"; };
		516DCA56246D1DD500751FBE /* Base */ = {isa = PBXFileReference; lastKnownFileType = file.storyboard; name = Base; path = Base.lproj/LaunchScreen.storyboard; sourceTree = "<group>"; };
		516DCA58246D1DD500751FBE /* Info.plist */ = {isa = PBXFileReference; lastKnownFileType = text.plist.xml; path = Info.plist; sourceTree = "<group>"; };
		5174EA68246E3CE4004E3D63 /* SpotifyAuthDemo-Bridging-Header.h */ = {isa = PBXFileReference; lastKnownFileType = sourcecode.c.h; path = "SpotifyAuthDemo-Bridging-Header.h"; sourceTree = "<group>"; };
		517A041B247F63C000CDC3D1 /* SpotifyRequest.swift */ = {isa = PBXFileReference; fileEncoding = 4; lastKnownFileType = sourcecode.swift; path = SpotifyRequest.swift; sourceTree = "<group>"; };
		519C0F77247D065400ED14CE /* SpotifyManager.swift */ = {isa = PBXFileReference; fileEncoding = 4; lastKnownFileType = sourcecode.swift; path = SpotifyManager.swift; sourceTree = "<group>"; };
		519C0F78247D065400ED14CE /* SpotifyHelper.swift */ = {isa = PBXFileReference; fileEncoding = 4; lastKnownFileType = sourcecode.swift; path = SpotifyHelper.swift; sourceTree = "<group>"; };
		519C0F7A247D065400ED14CE /* SpotifyApi.swift */ = {isa = PBXFileReference; fileEncoding = 4; lastKnownFileType = sourcecode.swift; path = SpotifyApi.swift; sourceTree = "<group>"; };
		519C0F7B247D065400ED14CE /* SpotifyModel.swift */ = {isa = PBXFileReference; fileEncoding = 4; lastKnownFileType = sourcecode.swift; path = SpotifyModel.swift; sourceTree = "<group>"; };
		5B7854562482250E0010E696 /* SpotifyAlbumsApi.swift */ = {isa = PBXFileReference; lastKnownFileType = sourcecode.swift; path = SpotifyAlbumsApi.swift; sourceTree = "<group>"; };
		5B785458248225180010E696 /* SpotifyArtistsApi.swift */ = {isa = PBXFileReference; lastKnownFileType = sourcecode.swift; path = SpotifyArtistsApi.swift; sourceTree = "<group>"; };
		5B78545A248225210010E696 /* SpotifyBrowseApi.swift */ = {isa = PBXFileReference; lastKnownFileType = sourcecode.swift; path = SpotifyBrowseApi.swift; sourceTree = "<group>"; };
		5B78545C2482252A0010E696 /* SpotifyEpisodesApi.swift */ = {isa = PBXFileReference; lastKnownFileType = sourcecode.swift; path = SpotifyEpisodesApi.swift; sourceTree = "<group>"; };
		5B78545E248225330010E696 /* SpotifyFollowApi.swift */ = {isa = PBXFileReference; lastKnownFileType = sourcecode.swift; path = SpotifyFollowApi.swift; sourceTree = "<group>"; };
		5B785460248225400010E696 /* SpotifyLibraryApi.swift */ = {isa = PBXFileReference; lastKnownFileType = sourcecode.swift; path = SpotifyLibraryApi.swift; sourceTree = "<group>"; };
		5B785462248225500010E696 /* SpotifyPersonaliztionApi.swift */ = {isa = PBXFileReference; lastKnownFileType = sourcecode.swift; path = SpotifyPersonaliztionApi.swift; sourceTree = "<group>"; };
		5B785464248225570010E696 /* SpotifyPlayerApi.swift */ = {isa = PBXFileReference; lastKnownFileType = sourcecode.swift; path = SpotifyPlayerApi.swift; sourceTree = "<group>"; };
		5B785466248225600010E696 /* SpotifyPlaylistsApi.swift */ = {isa = PBXFileReference; lastKnownFileType = sourcecode.swift; path = SpotifyPlaylistsApi.swift; sourceTree = "<group>"; };
		5B7854682482256C0010E696 /* SpotifySearchApi.swift */ = {isa = PBXFileReference; lastKnownFileType = sourcecode.swift; path = SpotifySearchApi.swift; sourceTree = "<group>"; };
		5B78546A248225750010E696 /* SpotifyShowsApi.swift */ = {isa = PBXFileReference; lastKnownFileType = sourcecode.swift; path = SpotifyShowsApi.swift; sourceTree = "<group>"; };
		5B78546C2482257F0010E696 /* SpotifyTracksApi.swift */ = {isa = PBXFileReference; lastKnownFileType = sourcecode.swift; path = SpotifyTracksApi.swift; sourceTree = "<group>"; };
		5B78546E2482258B0010E696 /* SpotifyUsersProfileApi.swift */ = {isa = PBXFileReference; lastKnownFileType = sourcecode.swift; path = SpotifyUsersProfileApi.swift; sourceTree = "<group>"; };
		5BC07BA024800BD200B3AFDA /* SpotifyiOS.framework */ = {isa = PBXFileReference; lastKnownFileType = wrapper.framework; path = SpotifyiOS.framework; sourceTree = "<group>"; };
/* End PBXFileReference section */

/* Begin PBXFrameworksBuildPhase section */
		516DCA44246D1DD200751FBE /* Frameworks */ = {
			isa = PBXFrameworksBuildPhase;
			buildActionMask = 2147483647;
			files = (
				5BC07BB2248018DC00B3AFDA /* RxSwift in Frameworks */,
				5BC07BB8248018DC00B3AFDA /* RxBlocking in Frameworks */,
				5BC07BAF24800D8500B3AFDA /* Logging in Frameworks */,
				5BC07BB6248018DC00B3AFDA /* RxCocoa in Frameworks */,
				5BC07BB4248018DC00B3AFDA /* RxRelay in Frameworks */,
				5BC07BA124800BD200B3AFDA /* SpotifyiOS.framework in Frameworks */,
			);
			runOnlyForDeploymentPostprocessing = 0;
		};
/* End PBXFrameworksBuildPhase section */

/* Begin PBXGroup section */
		516DCA3E246D1DD200751FBE = {
			isa = PBXGroup;
			children = (
				516DCA49246D1DD200751FBE /* SpotifyAuthDemo */,
				516DCA48246D1DD200751FBE /* Products */,
			);
			sourceTree = "<group>";
		};
		516DCA48246D1DD200751FBE /* Products */ = {
			isa = PBXGroup;
			children = (
				516DCA47246D1DD200751FBE /* SpotifyAuthDemo.app */,
			);
			name = Products;
			sourceTree = "<group>";
		};
		516DCA49246D1DD200751FBE /* SpotifyAuthDemo */ = {
			isa = PBXGroup;
			children = (
				5BC07BA024800BD200B3AFDA /* SpotifyiOS.framework */,
				519C0F75247D065400ED14CE /* Spotify */,
				516DCA4A246D1DD200751FBE /* AppDelegate.swift */,
				516DCA4C246D1DD200751FBE /* SceneDelegate.swift */,
				516DCA4E246D1DD200751FBE /* ContentView.swift */,
				5174EA68246E3CE4004E3D63 /* SpotifyAuthDemo-Bridging-Header.h */,
				516DCA50246D1DD500751FBE /* Assets.xcassets */,
				516DCA55246D1DD500751FBE /* LaunchScreen.storyboard */,
				516DCA58246D1DD500751FBE /* Info.plist */,
				516DCA52246D1DD500751FBE /* Preview Content */,
			);
			path = SpotifyAuthDemo;
			sourceTree = "<group>";
		};
		516DCA52246D1DD500751FBE /* Preview Content */ = {
			isa = PBXGroup;
			children = (
				516DCA53246D1DD500751FBE /* Preview Assets.xcassets */,
			);
			path = "Preview Content";
			sourceTree = "<group>";
		};
		519C0F75247D065400ED14CE /* Spotify */ = {
			isa = PBXGroup;
			children = (
				519C0F77247D065400ED14CE /* SpotifyManager.swift */,
				519C0F78247D065400ED14CE /* SpotifyHelper.swift */,
				517A041B247F63C000CDC3D1 /* SpotifyRequest.swift */,
				519C0F7A247D065400ED14CE /* SpotifyApi.swift */,
				5B785455248224E70010E696 /* Api */,
				519C0F7B247D065400ED14CE /* SpotifyModel.swift */,
			);
			path = Spotify;
			sourceTree = "<group>";
		};
		5B785455248224E70010E696 /* Api */ = {
			isa = PBXGroup;
			children = (
				5B7854562482250E0010E696 /* SpotifyAlbumsApi.swift */,
				5B785458248225180010E696 /* SpotifyArtistsApi.swift */,
				5B78545A248225210010E696 /* SpotifyBrowseApi.swift */,
				5B78545C2482252A0010E696 /* SpotifyEpisodesApi.swift */,
				5B78545E248225330010E696 /* SpotifyFollowApi.swift */,
				5B785460248225400010E696 /* SpotifyLibraryApi.swift */,
				5B785462248225500010E696 /* SpotifyPersonaliztionApi.swift */,
				5B785464248225570010E696 /* SpotifyPlayerApi.swift */,
				5B785466248225600010E696 /* SpotifyPlaylistsApi.swift */,
				5B7854682482256C0010E696 /* SpotifySearchApi.swift */,
				5B78546A248225750010E696 /* SpotifyShowsApi.swift */,
				5B78546C2482257F0010E696 /* SpotifyTracksApi.swift */,
				5B78546E2482258B0010E696 /* SpotifyUsersProfileApi.swift */,
			);
			path = Api;
			sourceTree = "<group>";
		};
/* End PBXGroup section */

/* Begin PBXNativeTarget section */
		516DCA46246D1DD200751FBE /* SpotifyAuthDemo */ = {
			isa = PBXNativeTarget;
			buildConfigurationList = 516DCA5B246D1DD500751FBE /* Build configuration list for PBXNativeTarget "SpotifyAuthDemo" */;
			buildPhases = (
				516DCA43246D1DD200751FBE /* Sources */,
				516DCA44246D1DD200751FBE /* Frameworks */,
				516DCA45246D1DD200751FBE /* Resources */,
			);
			buildRules = (
			);
			dependencies = (
			);
			name = SpotifyAuthDemo;
			packageProductDependencies = (
				5BC07BAE24800D8500B3AFDA /* Logging */,
				5BC07BB1248018DC00B3AFDA /* RxSwift */,
				5BC07BB3248018DC00B3AFDA /* RxRelay */,
				5BC07BB5248018DC00B3AFDA /* RxCocoa */,
				5BC07BB7248018DC00B3AFDA /* RxBlocking */,
			);
			productName = SpotifyAuthDemo;
			productReference = 516DCA47246D1DD200751FBE /* SpotifyAuthDemo.app */;
			productType = "com.apple.product-type.application";
		};
/* End PBXNativeTarget section */

/* Begin PBXProject section */
		516DCA3F246D1DD200751FBE /* Project object */ = {
			isa = PBXProject;
			attributes = {
				LastSwiftUpdateCheck = 1140;
				LastUpgradeCheck = 1140;
				TargetAttributes = {
					516DCA46246D1DD200751FBE = {
						CreatedOnToolsVersion = 11.4;
						LastSwiftMigration = 1140;
					};
				};
			};
			buildConfigurationList = 516DCA42246D1DD200751FBE /* Build configuration list for PBXProject "SpotifyAuthDemo" */;
			compatibilityVersion = "Xcode 9.3";
			developmentRegion = en;
			hasScannedForEncodings = 0;
			knownRegions = (
				en,
				Base,
			);
			mainGroup = 516DCA3E246D1DD200751FBE;
			packageReferences = (
				5BC07BAD24800D8500B3AFDA /* XCRemoteSwiftPackageReference "swift-log" */,
				5BC07BB0248018DC00B3AFDA /* XCRemoteSwiftPackageReference "RxSwift" */,
			);
			productRefGroup = 516DCA48246D1DD200751FBE /* Products */;
			projectDirPath = "";
			projectRoot = "";
			targets = (
				516DCA46246D1DD200751FBE /* SpotifyAuthDemo */,
			);
		};
/* End PBXProject section */

/* Begin PBXResourcesBuildPhase section */
		516DCA45246D1DD200751FBE /* Resources */ = {
			isa = PBXResourcesBuildPhase;
			buildActionMask = 2147483647;
			files = (
				516DCA57246D1DD500751FBE /* LaunchScreen.storyboard in Resources */,
				516DCA54246D1DD500751FBE /* Preview Assets.xcassets in Resources */,
				516DCA51246D1DD500751FBE /* Assets.xcassets in Resources */,
			);
			runOnlyForDeploymentPostprocessing = 0;
		};
/* End PBXResourcesBuildPhase section */

/* Begin PBXSourcesBuildPhase section */
		516DCA43246D1DD200751FBE /* Sources */ = {
			isa = PBXSourcesBuildPhase;
			buildActionMask = 2147483647;
			files = (
				519C0F7D247D065400ED14CE /* SpotifyManager.swift in Sources */,
				516DCA4B246D1DD200751FBE /* AppDelegate.swift in Sources */,
				5B785459248225180010E696 /* SpotifyArtistsApi.swift in Sources */,
				5B785463248225500010E696 /* SpotifyPersonaliztionApi.swift in Sources */,
				5B785461248225400010E696 /* SpotifyLibraryApi.swift in Sources */,
				516DCA4D246D1DD200751FBE /* SceneDelegate.swift in Sources */,
				5B785465248225570010E696 /* SpotifyPlayerApi.swift in Sources */,
				5B785467248225600010E696 /* SpotifyPlaylistsApi.swift in Sources */,
				5B78546B248225750010E696 /* SpotifyShowsApi.swift in Sources */,
				5B78546D2482257F0010E696 /* SpotifyTracksApi.swift in Sources */,
				519C0F7E247D065400ED14CE /* SpotifyHelper.swift in Sources */,
				516DCA4F246D1DD200751FBE /* ContentView.swift in Sources */,
				519C0F81247D065400ED14CE /* SpotifyModel.swift in Sources */,
				5B78545D2482252A0010E696 /* SpotifyEpisodesApi.swift in Sources */,
				517A041C247F63C000CDC3D1 /* SpotifyRequest.swift in Sources */,
				5B7854572482250E0010E696 /* SpotifyAlbumsApi.swift in Sources */,
				5B78545B248225210010E696 /* SpotifyBrowseApi.swift in Sources */,
				5B78546F2482258B0010E696 /* SpotifyUsersProfileApi.swift in Sources */,
				519C0F80247D065400ED14CE /* SpotifyApi.swift in Sources */,
				5B78545F248225330010E696 /* SpotifyFollowApi.swift in Sources */,
				5B7854692482256C0010E696 /* SpotifySearchApi.swift in Sources */,
			);
			runOnlyForDeploymentPostprocessing = 0;
		};
/* End PBXSourcesBuildPhase section */

/* Begin PBXVariantGroup section */
		516DCA55246D1DD500751FBE /* LaunchScreen.storyboard */ = {
			isa = PBXVariantGroup;
			children = (
				516DCA56246D1DD500751FBE /* Base */,
			);
			name = LaunchScreen.storyboard;
			sourceTree = "<group>";
		};
/* End PBXVariantGroup section */

/* Begin XCBuildConfiguration section */
		516DCA59246D1DD500751FBE /* Debug */ = {
			isa = XCBuildConfiguration;
			buildSettings = {
				ALWAYS_SEARCH_USER_PATHS = NO;
				CLANG_ANALYZER_NONNULL = YES;
				CLANG_ANALYZER_NUMBER_OBJECT_CONVERSION = YES_AGGRESSIVE;
				CLANG_CXX_LANGUAGE_STANDARD = "gnu++14";
				CLANG_CXX_LIBRARY = "libc++";
				CLANG_ENABLE_MODULES = YES;
				CLANG_ENABLE_OBJC_ARC = YES;
				CLANG_ENABLE_OBJC_WEAK = YES;
				CLANG_WARN_BLOCK_CAPTURE_AUTORELEASING = YES;
				CLANG_WARN_BOOL_CONVERSION = YES;
				CLANG_WARN_COMMA = YES;
				CLANG_WARN_CONSTANT_CONVERSION = YES;
				CLANG_WARN_DEPRECATED_OBJC_IMPLEMENTATIONS = YES;
				CLANG_WARN_DIRECT_OBJC_ISA_USAGE = YES_ERROR;
				CLANG_WARN_DOCUMENTATION_COMMENTS = YES;
				CLANG_WARN_EMPTY_BODY = YES;
				CLANG_WARN_ENUM_CONVERSION = YES;
				CLANG_WARN_INFINITE_RECURSION = YES;
				CLANG_WARN_INT_CONVERSION = YES;
				CLANG_WARN_NON_LITERAL_NULL_CONVERSION = YES;
				CLANG_WARN_OBJC_IMPLICIT_RETAIN_SELF = YES;
				CLANG_WARN_OBJC_LITERAL_CONVERSION = YES;
				CLANG_WARN_OBJC_ROOT_CLASS = YES_ERROR;
				CLANG_WARN_RANGE_LOOP_ANALYSIS = YES;
				CLANG_WARN_STRICT_PROTOTYPES = YES;
				CLANG_WARN_SUSPICIOUS_MOVE = YES;
				CLANG_WARN_UNGUARDED_AVAILABILITY = YES_AGGRESSIVE;
				CLANG_WARN_UNREACHABLE_CODE = YES;
				CLANG_WARN__DUPLICATE_METHOD_MATCH = YES;
				COPY_PHASE_STRIP = NO;
				DEBUG_INFORMATION_FORMAT = dwarf;
				ENABLE_STRICT_OBJC_MSGSEND = YES;
				ENABLE_TESTABILITY = YES;
				GCC_C_LANGUAGE_STANDARD = gnu11;
				GCC_DYNAMIC_NO_PIC = NO;
				GCC_NO_COMMON_BLOCKS = YES;
				GCC_OPTIMIZATION_LEVEL = 0;
				GCC_PREPROCESSOR_DEFINITIONS = (
					"DEBUG=1",
					"$(inherited)",
				);
				GCC_WARN_64_TO_32_BIT_CONVERSION = YES;
				GCC_WARN_ABOUT_RETURN_TYPE = YES_ERROR;
				GCC_WARN_UNDECLARED_SELECTOR = YES;
				GCC_WARN_UNINITIALIZED_AUTOS = YES_AGGRESSIVE;
				GCC_WARN_UNUSED_FUNCTION = YES;
				GCC_WARN_UNUSED_VARIABLE = YES;
				IPHONEOS_DEPLOYMENT_TARGET = 13.4;
				MTL_ENABLE_DEBUG_INFO = INCLUDE_SOURCE;
				MTL_FAST_MATH = YES;
				ONLY_ACTIVE_ARCH = YES;
				SDKROOT = iphoneos;
				SWIFT_ACTIVE_COMPILATION_CONDITIONS = DEBUG;
				SWIFT_OPTIMIZATION_LEVEL = "-Onone";
			};
			name = Debug;
		};
		516DCA5A246D1DD500751FBE /* Release */ = {
			isa = XCBuildConfiguration;
			buildSettings = {
				ALWAYS_SEARCH_USER_PATHS = NO;
				CLANG_ANALYZER_NONNULL = YES;
				CLANG_ANALYZER_NUMBER_OBJECT_CONVERSION = YES_AGGRESSIVE;
				CLANG_CXX_LANGUAGE_STANDARD = "gnu++14";
				CLANG_CXX_LIBRARY = "libc++";
				CLANG_ENABLE_MODULES = YES;
				CLANG_ENABLE_OBJC_ARC = YES;
				CLANG_ENABLE_OBJC_WEAK = YES;
				CLANG_WARN_BLOCK_CAPTURE_AUTORELEASING = YES;
				CLANG_WARN_BOOL_CONVERSION = YES;
				CLANG_WARN_COMMA = YES;
				CLANG_WARN_CONSTANT_CONVERSION = YES;
				CLANG_WARN_DEPRECATED_OBJC_IMPLEMENTATIONS = YES;
				CLANG_WARN_DIRECT_OBJC_ISA_USAGE = YES_ERROR;
				CLANG_WARN_DOCUMENTATION_COMMENTS = YES;
				CLANG_WARN_EMPTY_BODY = YES;
				CLANG_WARN_ENUM_CONVERSION = YES;
				CLANG_WARN_INFINITE_RECURSION = YES;
				CLANG_WARN_INT_CONVERSION = YES;
				CLANG_WARN_NON_LITERAL_NULL_CONVERSION = YES;
				CLANG_WARN_OBJC_IMPLICIT_RETAIN_SELF = YES;
				CLANG_WARN_OBJC_LITERAL_CONVERSION = YES;
				CLANG_WARN_OBJC_ROOT_CLASS = YES_ERROR;
				CLANG_WARN_RANGE_LOOP_ANALYSIS = YES;
				CLANG_WARN_STRICT_PROTOTYPES = YES;
				CLANG_WARN_SUSPICIOUS_MOVE = YES;
				CLANG_WARN_UNGUARDED_AVAILABILITY = YES_AGGRESSIVE;
				CLANG_WARN_UNREACHABLE_CODE = YES;
				CLANG_WARN__DUPLICATE_METHOD_MATCH = YES;
				COPY_PHASE_STRIP = NO;
				DEBUG_INFORMATION_FORMAT = "dwarf-with-dsym";
				ENABLE_NS_ASSERTIONS = NO;
				ENABLE_STRICT_OBJC_MSGSEND = YES;
				GCC_C_LANGUAGE_STANDARD = gnu11;
				GCC_NO_COMMON_BLOCKS = YES;
				GCC_WARN_64_TO_32_BIT_CONVERSION = YES;
				GCC_WARN_ABOUT_RETURN_TYPE = YES_ERROR;
				GCC_WARN_UNDECLARED_SELECTOR = YES;
				GCC_WARN_UNINITIALIZED_AUTOS = YES_AGGRESSIVE;
				GCC_WARN_UNUSED_FUNCTION = YES;
				GCC_WARN_UNUSED_VARIABLE = YES;
				IPHONEOS_DEPLOYMENT_TARGET = 13.4;
				MTL_ENABLE_DEBUG_INFO = NO;
				MTL_FAST_MATH = YES;
				SDKROOT = iphoneos;
				SWIFT_COMPILATION_MODE = wholemodule;
				SWIFT_OPTIMIZATION_LEVEL = "-O";
				VALIDATE_PRODUCT = YES;
			};
			name = Release;
		};
		516DCA5C246D1DD500751FBE /* Debug */ = {
			isa = XCBuildConfiguration;
			buildSettings = {
				ASSETCATALOG_COMPILER_APPICON_NAME = AppIcon;
				CLANG_ENABLE_MODULES = YES;
				CODE_SIGN_STYLE = Automatic;
				DEVELOPMENT_ASSET_PATHS = "\"SpotifyAuthDemo/Preview Content\"";
				DEVELOPMENT_TEAM = PCL488N9Z6;
				ENABLE_PREVIEWS = YES;
				FRAMEWORK_SEARCH_PATHS = (
					"$(inherited)",
					"$(PROJECT_DIR)/SpotifyAuthDemo",
				);
				INFOPLIST_FILE = SpotifyAuthDemo/Info.plist;
				IPHONEOS_DEPLOYMENT_TARGET = 13.0;
				LD_RUNPATH_SEARCH_PATHS = (
					"$(inherited)",
					"@executable_path/Frameworks",
				);
				PRODUCT_BUNDLE_IDENTIFIER = xyz.spotifyauth.demo.SpotifyAuthDemo;
				PRODUCT_NAME = "$(TARGET_NAME)";
				SWIFT_OBJC_BRIDGING_HEADER = "SpotifyAuthDemo/SpotifyAuthDemo-Bridging-Header.h";
				SWIFT_OPTIMIZATION_LEVEL = "-Onone";
				SWIFT_VERSION = 5.0;
				TARGETED_DEVICE_FAMILY = "1,2";
			};
			name = Debug;
		};
		516DCA5D246D1DD500751FBE /* Release */ = {
			isa = XCBuildConfiguration;
			buildSettings = {
				ASSETCATALOG_COMPILER_APPICON_NAME = AppIcon;
				CLANG_ENABLE_MODULES = YES;
				CODE_SIGN_STYLE = Automatic;
				DEVELOPMENT_ASSET_PATHS = "\"SpotifyAuthDemo/Preview Content\"";
				DEVELOPMENT_TEAM = PCL488N9Z6;
				ENABLE_PREVIEWS = YES;
				FRAMEWORK_SEARCH_PATHS = (
					"$(inherited)",
					"$(PROJECT_DIR)/SpotifyAuthDemo",
				);
				INFOPLIST_FILE = SpotifyAuthDemo/Info.plist;
				IPHONEOS_DEPLOYMENT_TARGET = 13.0;
				LD_RUNPATH_SEARCH_PATHS = (
					"$(inherited)",
					"@executable_path/Frameworks",
				);
				PRODUCT_BUNDLE_IDENTIFIER = xyz.spotifyauth.demo.SpotifyAuthDemo;
				PRODUCT_NAME = "$(TARGET_NAME)";
				SWIFT_OBJC_BRIDGING_HEADER = "SpotifyAuthDemo/SpotifyAuthDemo-Bridging-Header.h";
				SWIFT_VERSION = 5.0;
				TARGETED_DEVICE_FAMILY = "1,2";
			};
			name = Release;
		};
/* End XCBuildConfiguration section */

/* Begin XCConfigurationList section */
		516DCA42246D1DD200751FBE /* Build configuration list for PBXProject "SpotifyAuthDemo" */ = {
			isa = XCConfigurationList;
			buildConfigurations = (
				516DCA59246D1DD500751FBE /* Debug */,
				516DCA5A246D1DD500751FBE /* Release */,
			);
			defaultConfigurationIsVisible = 0;
			defaultConfigurationName = Release;
		};
		516DCA5B246D1DD500751FBE /* Build configuration list for PBXNativeTarget "SpotifyAuthDemo" */ = {
			isa = XCConfigurationList;
			buildConfigurations = (
				516DCA5C246D1DD500751FBE /* Debug */,
				516DCA5D246D1DD500751FBE /* Release */,
			);
			defaultConfigurationIsVisible = 0;
			defaultConfigurationName = Release;
		};
/* End XCConfigurationList section */

/* Begin XCRemoteSwiftPackageReference section */
		5BC07BAD24800D8500B3AFDA /* XCRemoteSwiftPackageReference "swift-log" */ = {
			isa = XCRemoteSwiftPackageReference;
			repositoryURL = "https://github.com/apple/swift-log.git";
			requirement = {
				kind = upToNextMajorVersion;
				minimumVersion = 1.2.0;
			};
		};
		5BC07BB0248018DC00B3AFDA /* XCRemoteSwiftPackageReference "RxSwift" */ = {
			isa = XCRemoteSwiftPackageReference;
			repositoryURL = "https://github.com/ReactiveX/RxSwift.git";
			requirement = {
				kind = upToNextMajorVersion;
				minimumVersion = 5.1.1;
			};
		};
/* End XCRemoteSwiftPackageReference section */

/* Begin XCSwiftPackageProductDependency section */
		5BC07BAE24800D8500B3AFDA /* Logging */ = {
			isa = XCSwiftPackageProductDependency;
			package = 5BC07BAD24800D8500B3AFDA /* XCRemoteSwiftPackageReference "swift-log" */;
			productName = Logging;
		};
		5BC07BB1248018DC00B3AFDA /* RxSwift */ = {
			isa = XCSwiftPackageProductDependency;
			package = 5BC07BB0248018DC00B3AFDA /* XCRemoteSwiftPackageReference "RxSwift" */;
			productName = RxSwift;
		};
		5BC07BB3248018DC00B3AFDA /* RxRelay */ = {
			isa = XCSwiftPackageProductDependency;
			package = 5BC07BB0248018DC00B3AFDA /* XCRemoteSwiftPackageReference "RxSwift" */;
			productName = RxRelay;
		};
		5BC07BB5248018DC00B3AFDA /* RxCocoa */ = {
			isa = XCSwiftPackageProductDependency;
			package = 5BC07BB0248018DC00B3AFDA /* XCRemoteSwiftPackageReference "RxSwift" */;
			productName = RxCocoa;
		};
		5BC07BB7248018DC00B3AFDA /* RxBlocking */ = {
			isa = XCSwiftPackageProductDependency;
			package = 5BC07BB0248018DC00B3AFDA /* XCRemoteSwiftPackageReference "RxSwift" */;
			productName = RxBlocking;
		};
/* End XCSwiftPackageProductDependency section */
	};
	rootObject = 516DCA3F246D1DD200751FBE /* Project object */;
}
